// !$*UTF8*$!
{
	archiveVersion = 1;
	classes = {
	};
	objectVersion = 50;
	objects = {

/* Begin PBXBuildFile section */
		DD340EF8241DC3A600D23B52 /* TableViewController.swift in Sources */ = {isa = PBXBuildFile; fileRef = DD340EF7241DC3A600D23B52 /* TableViewController.swift */; };
		DD340EFA241DC3FC00D23B52 /* Meme.swift in Sources */ = {isa = PBXBuildFile; fileRef = DD340EF9241DC3FC00D23B52 /* Meme.swift */; };
		DD436093241E419700C84CEF /* CollectionViewController.swift in Sources */ = {isa = PBXBuildFile; fileRef = DD436092241E419700C84CEF /* CollectionViewController.swift */; };
		DD436095241E423C00C84CEF /* CollectionViewCell.swift in Sources */ = {isa = PBXBuildFile; fileRef = DD436094241E423C00C84CEF /* CollectionViewCell.swift */; };
		DDDF8928240F8E7000322FDC /* AppDelegate.swift in Sources */ = {isa = PBXBuildFile; fileRef = DDDF8927240F8E7000322FDC /* AppDelegate.swift */; };
		DDDF892A240F8E7000322FDC /* SceneDelegate.swift in Sources */ = {isa = PBXBuildFile; fileRef = DDDF8929240F8E7000322FDC /* SceneDelegate.swift */; };
		DDDF892C240F8E7000322FDC /* ViewController.swift in Sources */ = {isa = PBXBuildFile; fileRef = DDDF892B240F8E7000322FDC /* ViewController.swift */; };
		DDDF892F240F8E7000322FDC /* Main.storyboard in Resources */ = {isa = PBXBuildFile; fileRef = DDDF892D240F8E7000322FDC /* Main.storyboard */; };
		DDDF8931240F8E7000322FDC /* Assets.xcassets in Resources */ = {isa = PBXBuildFile; fileRef = DDDF8930240F8E7000322FDC /* Assets.xcassets */; };
		DDDF8934240F8E7000322FDC /* LaunchScreen.storyboard in Resources */ = {isa = PBXBuildFile; fileRef = DDDF8932240F8E7000322FDC /* LaunchScreen.storyboard */; };
		DDF80F6D24219E5F003BA61B /* MemeDetailViewController.swift in Sources */ = {isa = PBXBuildFile; fileRef = DDF80F6C24219E5F003BA61B /* MemeDetailViewController.swift */; };
/* End PBXBuildFile section */

/* Begin PBXFileReference section */
		DD340EF7241DC3A600D23B52 /* TableViewController.swift */ = {isa = PBXFileReference; lastKnownFileType = sourcecode.swift; path = TableViewController.swift; sourceTree = "<group>"; };
		DD340EF9241DC3FC00D23B52 /* Meme.swift */ = {isa = PBXFileReference; lastKnownFileType = sourcecode.swift; path = Meme.swift; sourceTree = "<group>"; };
		DD436092241E419700C84CEF /* CollectionViewController.swift */ = {isa = PBXFileReference; lastKnownFileType = sourcecode.swift; path = CollectionViewController.swift; sourceTree = "<group>"; };
		DD436094241E423C00C84CEF /* CollectionViewCell.swift */ = {isa = PBXFileReference; lastKnownFileType = sourcecode.swift; path = CollectionViewCell.swift; sourceTree = "<group>"; };
		DDDF8924240F8E7000322FDC /* Mememe.app */ = {isa = PBXFileReference; explicitFileType = wrapper.application; includeInIndex = 0; path = Mememe.app; sourceTree = BUILT_PRODUCTS_DIR; };
		DDDF8927240F8E7000322FDC /* AppDelegate.swift */ = {isa = PBXFileReference; lastKnownFileType = sourcecode.swift; path = AppDelegate.swift; sourceTree = "<group>"; };
		DDDF8929240F8E7000322FDC /* SceneDelegate.swift */ = {isa = PBXFileReference; lastKnownFileType = sourcecode.swift; path = SceneDelegate.swift; sourceTree = "<group>"; };
		DDDF892B240F8E7000322FDC /* ViewController.swift */ = {isa = PBXFileReference; lastKnownFileType = sourcecode.swift; path = ViewController.swift; sourceTree = "<group>"; };
		DDDF892E240F8E7000322FDC /* Base */ = {isa = PBXFileReference; lastKnownFileType = file.storyboard; name = Base; path = Base.lproj/Main.storyboard; sourceTree = "<group>"; };
		DDDF8930240F8E7000322FDC /* Assets.xcassets */ = {isa = PBXFileReference; lastKnownFileType = folder.assetcatalog; path = Assets.xcassets; sourceTree = "<group>"; };
		DDDF8933240F8E7000322FDC /* Base */ = {isa = PBXFileReference; lastKnownFileType = file.storyboard; name = Base; path = Base.lproj/LaunchScreen.storyboard; sourceTree = "<group>"; };
		DDDF8935240F8E7000322FDC /* Info.plist */ = {isa = PBXFileReference; lastKnownFileType = text.plist.xml; path = Info.plist; sourceTree = "<group>"; };
		DDF80F6C24219E5F003BA61B /* MemeDetailViewController.swift */ = {isa = PBXFileReference; lastKnownFileType = sourcecode.swift; path = MemeDetailViewController.swift; sourceTree = "<group>"; };
/* End PBXFileReference section */

/* Begin PBXFrameworksBuildPhase section */
		DDDF8921240F8E7000322FDC /* Frameworks */ = {
			isa = PBXFrameworksBuildPhase;
			buildActionMask = 2147483647;
			files = (
			);
			runOnlyForDeploymentPostprocessing = 0;
		};
/* End PBXFrameworksBuildPhase section */

/* Begin PBXGroup section */
		DDDF891B240F8E7000322FDC = {
			isa = PBXGroup;
			children = (
				DDDF8926240F8E7000322FDC /* Mememe */,
				DDDF8925240F8E7000322FDC /* Products */,
			);
			sourceTree = "<group>";
		};
		DDDF8925240F8E7000322FDC /* Products */ = {
			isa = PBXGroup;
			children = (
				DDDF8924240F8E7000322FDC /* Mememe.app */,
			);
			name = Products;
			sourceTree = "<group>";
		};
		DDDF8926240F8E7000322FDC /* Mememe */ = {
			isa = PBXGroup;
			children = (
				DDDF8927240F8E7000322FDC /* AppDelegate.swift */,
				DDDF8929240F8E7000322FDC /* SceneDelegate.swift */,
				DDDF892B240F8E7000322FDC /* ViewController.swift */,
				DDDF892D240F8E7000322FDC /* Main.storyboard */,
				DDDF8930240F8E7000322FDC /* Assets.xcassets */,
				DDDF8932240F8E7000322FDC /* LaunchScreen.storyboard */,
				DDDF8935240F8E7000322FDC /* Info.plist */,
				DD340EF7241DC3A600D23B52 /* TableViewController.swift */,
				DD340EF9241DC3FC00D23B52 /* Meme.swift */,
				DD436092241E419700C84CEF /* CollectionViewController.swift */,
				DD436094241E423C00C84CEF /* CollectionViewCell.swift */,
				DDF80F6C24219E5F003BA61B /* MemeDetailViewController.swift */,
			);
			path = Mememe;
			sourceTree = "<group>";
		};
/* End PBXGroup section */

/* Begin PBXNativeTarget section */
		DDDF8923240F8E7000322FDC /* Mememe */ = {
			isa = PBXNativeTarget;
			buildConfigurationList = DDDF8938240F8E7000322FDC /* Build configuration list for PBXNativeTarget "Mememe" */;
			buildPhases = (
				DDDF8920240F8E7000322FDC /* Sources */,
				DDDF8921240F8E7000322FDC /* Frameworks */,
				DDDF8922240F8E7000322FDC /* Resources */,
			);
			buildRules = (
			);
			dependencies = (
			);
			name = Mememe;
			productName = Mememe;
			productReference = DDDF8924240F8E7000322FDC /* Mememe.app */;
			productType = "com.apple.product-type.application";
		};
/* End PBXNativeTarget section */

/* Begin PBXProject section */
		DDDF891C240F8E7000322FDC /* Project object */ = {
			isa = PBXProject;
			attributes = {
				LastSwiftUpdateCheck = 1130;
				LastUpgradeCheck = 1130;
				ORGANIZATIONNAME = org.udacity;
				TargetAttributes = {
					DDDF8923240F8E7000322FDC = {
						CreatedOnToolsVersion = 11.3.1;
					};
				};
			};
			buildConfigurationList = DDDF891F240F8E7000322FDC /* Build configuration list for PBXProject "Mememe" */;
			compatibilityVersion = "Xcode 9.3";
			developmentRegion = en;
			hasScannedForEncodings = 0;
			knownRegions = (
				en,
				Base,
			);
			mainGroup = DDDF891B240F8E7000322FDC;
			productRefGroup = DDDF8925240F8E7000322FDC /* Products */;
			projectDirPath = "";
			projectRoot = "";
			targets = (
				DDDF8923240F8E7000322FDC /* Mememe */,
			);
		};
/* End PBXProject section */

/* Begin PBXResourcesBuildPhase section */
		DDDF8922240F8E7000322FDC /* Resources */ = {
			isa = PBXResourcesBuildPhase;
			buildActionMask = 2147483647;
			files = (
				DDDF8934240F8E7000322FDC /* LaunchScreen.storyboard in Resources */,
				DDDF8931240F8E7000322FDC /* Assets.xcassets in Resources */,
				DDDF892F240F8E7000322FDC /* Main.storyboard in Resources */,
			);
			runOnlyForDeploymentPostprocessing = 0;
		};
/* End PBXResourcesBuildPhase section */

/* Begin PBXSourcesBuildPhase section */
		DDDF8920240F8E7000322FDC /* Sources */ = {
			isa = PBXSourcesBuildPhase;
			buildActionMask = 2147483647;
			files = (
				DD436093241E419700C84CEF /* CollectionViewController.swift in Sources */,
				DD340EFA241DC3FC00D23B52 /* Meme.swift in Sources */,
				DDDF892C240F8E7000322FDC /* ViewController.swift in Sources */,
				DD436095241E423C00C84CEF /* CollectionViewCell.swift in Sources */,
				DDDF8928240F8E7000322FDC /* AppDelegate.swift in Sources */,
				DDDF892A240F8E7000322FDC /* SceneDelegate.swift in Sources */,
				DD340EF8241DC3A600D23B52 /* TableViewController.swift in Sources */,
				DDF80F6D24219E5F003BA61B /* MemeDetailViewController.swift in Sources */,
			);
			runOnlyForDeploymentPostprocessing = 0;
		};
/* End PBXSourcesBuildPhase section */

/* Begin PBXVariantGroup section */
		DDDF892D240F8E7000322FDC /* Main.storyboard */ = {
			isa = PBXVariantGroup;
			children = (
				DDDF892E240F8E7000322FDC /* Base */,
			);
			name = Main.storyboard;
			sourceTree = "<group>";
		};
		DDDF8932240F8E7000322FDC /* LaunchScreen.storyboard */ = {
			isa = PBXVariantGroup;
			children = (
				DDDF8933240F8E7000322FDC /* Base */,
			);
			name = LaunchScreen.storyboard;
			sourceTree = "<group>";
		};
/* End PBXVariantGroup section */

/* Begin XCBuildConfiguration section */
		DDDF8936240F8E7000322FDC /* Debug */ = {
			isa = XCBuildConfiguration;
			buildSettings = {
				ALWAYS_SEARCH_USER_PATHS = NO;
				CLANG_ANALYZER_NONNULL = YES;
				CLANG_ANALYZER_NUMBER_OBJECT_CONVERSION = YES_AGGRESSIVE;
				CLANG_CXX_LANGUAGE_STANDARD = "gnu++14";
				CLANG_CXX_LIBRARY = "libc++";
				CLANG_ENABLE_MODULES = YES;
				CLANG_ENABLE_OBJC_ARC = YES;
				CLANG_ENABLE_OBJC_WEAK = YES;
				CLANG_WARN_BLOCK_CAPTURE_AUTORELEASING = YES;
				CLANG_WARN_BOOL_CONVERSION = YES;
				CLANG_WARN_COMMA = YES;
				CLANG_WARN_CONSTANT_CONVERSION = YES;
				CLANG_WARN_DEPRECATED_OBJC_IMPLEMENTATIONS = YES;
				CLANG_WARN_DIRECT_OBJC_ISA_USAGE = YES_ERROR;
				CLANG_WARN_DOCUMENTATION_COMMENTS = YES;
				CLANG_WARN_EMPTY_BODY = YES;
				CLANG_WARN_ENUM_CONVERSION = YES;
				CLANG_WARN_INFINITE_RECURSION = YES;
				CLANG_WARN_INT_CONVERSION = YES;
				CLANG_WARN_NON_LITERAL_NULL_CONVERSION = YES;
				CLANG_WARN_OBJC_IMPLICIT_RETAIN_SELF = YES;
				CLANG_WARN_OBJC_LITERAL_CONVERSION = YES;
				CLANG_WARN_OBJC_ROOT_CLASS = YES_ERROR;
				CLANG_WARN_RANGE_LOOP_ANALYSIS = YES;
				CLANG_WARN_STRICT_PROTOTYPES = YES;
				CLANG_WARN_SUSPICIOUS_MOVE = YES;
				CLANG_WARN_UNGUARDED_AVAILABILITY = YES_AGGRESSIVE;
				CLANG_WARN_UNREACHABLE_CODE = YES;
				CLANG_WARN__DUPLICATE_METHOD_MATCH = YES;
				COPY_PHASE_STRIP = NO;
				DEBUG_INFORMATION_FORMAT = dwarf;
				ENABLE_STRICT_OBJC_MSGSEND = YES;
				ENABLE_TESTABILITY = YES;
				GCC_C_LANGUAGE_STANDARD = gnu11;
				GCC_DYNAMIC_NO_PIC = NO;
				GCC_NO_COMMON_BLOCKS = YES;
				GCC_OPTIMIZATION_LEVEL = 0;
				GCC_PREPROCESSOR_DEFINITIONS = (
					"DEBUG=1",
					"$(inherited)",
				);
				GCC_WARN_64_TO_32_BIT_CONVERSION = YES;
				GCC_WARN_ABOUT_RETURN_TYPE = YES_ERROR;
				GCC_WARN_UNDECLARED_SELECTOR = YES;
				GCC_WARN_UNINITIALIZED_AUTOS = YES_AGGRESSIVE;
				GCC_WARN_UNUSED_FUNCTION = YES;
				GCC_WARN_UNUSED_VARIABLE = YES;
				IPHONEOS_DEPLOYMENT_TARGET = 13.2;
				MTL_ENABLE_DEBUG_INFO = INCLUDE_SOURCE;
				MTL_FAST_MATH = YES;
				ONLY_ACTIVE_ARCH = YES;
				SDKROOT = iphoneos;
				SWIFT_ACTIVE_COMPILATION_CONDITIONS = DEBUG;
				SWIFT_OPTIMIZATION_LEVEL = "-Onone";
			};
			name = Debug;
		};
		DDDF8937240F8E7000322FDC /* Release */ = {
			isa = XCBuildConfiguration;
			buildSettings = {
				ALWAYS_SEARCH_USER_PATHS = NO;
				CLANG_ANALYZER_NONNULL = YES;
				CLANG_ANALYZER_NUMBER_OBJECT_CONVERSION = YES_AGGRESSIVE;
				CLANG_CXX_LANGUAGE_STANDARD = "gnu++14";
				CLANG_CXX_LIBRARY = "libc++";
				CLANG_ENABLE_MODULES = YES;
				CLANG_ENABLE_OBJC_ARC = YES;
				CLANG_ENABLE_OBJC_WEAK = YES;
				CLANG_WARN_BLOCK_CAPTURE_AUTORELEASING = YES;
				CLANG_WARN_BOOL_CONVERSION = YES;
				CLANG_WARN_COMMA = YES;
				CLANG_WARN_CONSTANT_CONVERSION = YES;
				CLANG_WARN_DEPRECATED_OBJC_IMPLEMENTATIONS = YES;
				CLANG_WARN_DIRECT_OBJC_ISA_USAGE = YES_ERROR;
				CLANG_WARN_DOCUMENTATION_COMMENTS = YES;
				CLANG_WARN_EMPTY_BODY = YES;
				CLANG_WARN_ENUM_CONVERSION = YES;
				CLANG_WARN_INFINITE_RECURSION = YES;
				CLANG_WARN_INT_CONVERSION = YES;
				CLANG_WARN_NON_LITERAL_NULL_CONVERSION = YES;
				CLANG_WARN_OBJC_IMPLICIT_RETAIN_SELF = YES;
				CLANG_WARN_OBJC_LITERAL_CONVERSION = YES;
				CLANG_WARN_OBJC_ROOT_CLASS = YES_ERROR;
				CLANG_WARN_RANGE_LOOP_ANALYSIS = YES;
				CLANG_WARN_STRICT_PROTOTYPES = YES;
				CLANG_WARN_SUSPICIOUS_MOVE = YES;
				CLANG_WARN_UNGUARDED_AVAILABILITY = YES_AGGRESSIVE;
				CLANG_WARN_UNREACHABLE_CODE = YES;
				CLANG_WARN__DUPLICATE_METHOD_MATCH = YES;
				COPY_PHASE_STRIP = NO;
				DEBUG_INFORMATION_FORMAT = "dwarf-with-dsym";
				ENABLE_NS_ASSERTIONS = NO;
				ENABLE_STRICT_OBJC_MSGSEND = YES;
				GCC_C_LANGUAGE_STANDARD = gnu11;
				GCC_NO_COMMON_BLOCKS = YES;
				GCC_WARN_64_TO_32_BIT_CONVERSION = YES;
				GCC_WARN_ABOUT_RETURN_TYPE = YES_ERROR;
				GCC_WARN_UNDECLARED_SELECTOR = YES;
				GCC_WARN_UNINITIALIZED_AUTOS = YES_AGGRESSIVE;
				GCC_WARN_UNUSED_FUNCTION = YES;
				GCC_WARN_UNUSED_VARIABLE = YES;
				IPHONEOS_DEPLOYMENT_TARGET = 13.2;
				MTL_ENABLE_DEBUG_INFO = NO;
				MTL_FAST_MATH = YES;
				SDKROOT = iphoneos;
				SWIFT_COMPILATION_MODE = wholemodule;
				SWIFT_OPTIMIZATION_LEVEL = "-O";
				VALIDATE_PRODUCT = YES;
			};
			name = Release;
		};
		DDDF8939240F8E7000322FDC /* Debug */ = {
			isa = XCBuildConfiguration;
			buildSettings = {
				ASSETCATALOG_COMPILER_APPICON_NAME = AppIcon;
				CODE_SIGN_STYLE = Automatic;
				INFOPLIST_FILE = Mememe/Info.plist;
				LD_RUNPATH_SEARCH_PATHS = (
					"$(inherited)",
					"@executable_path/Frameworks",
				);
				PRODUCT_BUNDLE_IDENTIFIER = org.udacity.Mememe;
				PRODUCT_NAME = "$(TARGET_NAME)";
				SWIFT_VERSION = 5.0;
				TARGETED_DEVICE_FAMILY = "1,2";
			};
			name = Debug;
		};
		DDDF893A240F8E7000322FDC /* Release */ = {
			isa = XCBuildConfiguration;
			buildSettings = {
				ASSETCATALOG_COMPILER_APPICON_NAME = AppIcon;
				CODE_SIGN_STYLE = Automatic;
				INFOPLIST_FILE = Mememe/Info.plist;
				LD_RUNPATH_SEARCH_PATHS = (
					"$(inherited)",
					"@executable_path/Frameworks",
				);
				PRODUCT_BUNDLE_IDENTIFIER = org.udacity.Mememe;
				PRODUCT_NAME = "$(TARGET_NAME)";
				SWIFT_VERSION = 5.0;
				TARGETED_DEVICE_FAMILY = "1,2";
			};
			name = Release;
		};
/* End XCBuildConfiguration section */

/* Begin XCConfigurationList section */
		DDDF891F240F8E7000322FDC /* Build configuration list for PBXProject "Mememe" */ = {
			isa = XCConfigurationList;
			buildConfigurations = (
				DDDF8936240F8E7000322FDC /* Debug */,
				DDDF8937240F8E7000322FDC /* Release */,
			);
			defaultConfigurationIsVisible = 0;
			defaultConfigurationName = Release;
		};
		DDDF8938240F8E7000322FDC /* Build configuration list for PBXNativeTarget "Mememe" */ = {
			isa = XCConfigurationList;
			buildConfigurations = (
				DDDF8939240F8E7000322FDC /* Debug */,
				DDDF893A240F8E7000322FDC /* Release */,
			);
			defaultConfigurationIsVisible = 0;
			defaultConfigurationName = Release;
		};
/* End XCConfigurationList section */
	};
	rootObject = DDDF891C240F8E7000322FDC /* Project object */;
}
